
Microsoft Visual Studio Solution File, Format Version 12.00
# Visual Studio Version 17
VisualStudioVersion = 17.13.35931.197
MinimumVisualStudioVersion = 10.0.40219.1
Project("{FAE04EC0-301F-11D3-BF4B-00C04F79EFBC}") = "ModernWebForms", "App\ModernWebForms\ModernWebForms.csproj", "{84DEE29A-98A6-4669-A87B-D0F3E57BC136}"
EndProject
Project("{FAE04EC0-301F-11D3-BF4B-00C04F79EFBC}") = "ModernWebForms.Core", "App\ModernWebForms.Core\ModernWebForms.Core.csproj", "{B556EEE6-EBBC-482B-1142-8FA80384D37D}"
EndProject
Project("{2150E333-8FDC-42A3-9474-1A3956D46DE8}") = "legacy", "legacy", "{02EA681E-C7D8-13C7-8484-4AC65E1B71E8}"
EndProject
Project("{2150E333-8FDC-42A3-9474-1A3956D46DE8}") = "app", "app", "{D93EE689-C6E8-4891-82BF-B05398BA800C}"
EndProject
Project("{2150E333-8FDC-42A3-9474-1A3956D46DE8}") = "libraries", "libraries", "{FDCE990B-AD1B-409E-B659-D98581FFB414}"
EndProject
Project("{FAE04EC0-301F-11D3-BF4B-00C04F79EFBC}") = "Ninject.WebForms.Models", "Libraries\Ninject.WebForms.Models\Ninject.WebForms.Models.csproj", "{530F1A35-FD28-4ED5-93B4-5660561EE659}"
EndProject
Project("{FAE04EC0-301F-11D3-BF4B-00C04F79EFBC}") = "Ninject.WebForms.Services", "Libraries\Ninject.WebForms.Services\Ninject.WebForms.Services.csproj", "{83D6814B-2DC7-4D02-AF30-C6E1A33ABA80}"
EndProject
Project("{2150E333-8FDC-42A3-9474-1A3956D46DE8}") = "net48", "net48", "{58D71EAA-D5E1-44E0-B226-9F502B13C815}"
EndProject
Project("{FAE04EC0-301F-11D3-BF4B-00C04F79EFBC}") = "WebForms.Helper", "WebForms.Helper\WebForms.Helper.csproj", "{7640BA7D-19A3-4906-9D44-95B10BD8ADB3}"
EndProject
Project("{2150E333-8FDC-42A3-9474-1A3956D46DE8}") = "Solution Items", "Solution Items", "{8EC462FD-D22E-90A8-E5CE-7E832BA40C5D}"
	ProjectSection(SolutionItems) = preProject
		.gitignore = .gitignore
	EndProjectSection
EndProject
Global
	GlobalSection(SolutionConfigurationPlatforms) = preSolution
		Debug|Any CPU = Debug|Any CPU
		Release|Any CPU = Release|Any CPU
	EndGlobalSection
	GlobalSection(ProjectConfigurationPlatforms) = postSolution
		{84DEE29A-98A6-4669-A87B-D0F3E57BC136}.Debug|Any CPU.ActiveCfg = Debug|Any CPU
		{84DEE29A-98A6-4669-A87B-D0F3E57BC136}.Debug|Any CPU.Build.0 = Debug|Any CPU
		{84DEE29A-98A6-4669-A87B-D0F3E57BC136}.Release|Any CPU.ActiveCfg = Release|Any CPU
		{84DEE29A-98A6-4669-A87B-D0F3E57BC136}.Release|Any CPU.Build.0 = Release|Any CPU
		{B556EEE6-EBBC-482B-1142-8FA80384D37D}.Debug|Any CPU.ActiveCfg = Debug|Any CPU
		{B556EEE6-EBBC-482B-1142-8FA80384D37D}.Debug|Any CPU.Build.0 = Debug|Any CPU
		{B556EEE6-EBBC-482B-1142-8FA80384D37D}.Release|Any CPU.ActiveCfg = Release|Any CPU
		{B556EEE6-EBBC-482B-1142-8FA80384D37D}.Release|Any CPU.Build.0 = Release|Any CPU
		{530F1A35-FD28-4ED5-93B4-5660561EE659}.Debug|Any CPU.ActiveCfg = Debug|Any CPU
		{530F1A35-FD28-4ED5-93B4-5660561EE659}.Debug|Any CPU.Build.0 = Debug|Any CPU
		{530F1A35-FD28-4ED5-93B4-5660561EE659}.Release|Any CPU.ActiveCfg = Release|Any CPU
		{530F1A35-FD28-4ED5-93B4-5660561EE659}.Release|Any CPU.Build.0 = Release|Any CPU
		{83D6814B-2DC7-4D02-AF30-C6E1A33ABA80}.Debug|Any CPU.ActiveCfg = Debug|Any CPU
		{83D6814B-2DC7-4D02-AF30-C6E1A33ABA80}.Debug|Any CPU.Build.0 = Debug|Any CPU
		{83D6814B-2DC7-4D02-AF30-C6E1A33ABA80}.Release|Any CPU.ActiveCfg = Release|Any CPU
		{83D6814B-2DC7-4D02-AF30-C6E1A33ABA80}.Release|Any CPU.Build.0 = Release|Any CPU
		{7640BA7D-19A3-4906-9D44-95B10BD8ADB3}.Debug|Any CPU.ActiveCfg = Debug|Any CPU
		{7640BA7D-19A3-4906-9D44-95B10BD8ADB3}.Debug|Any CPU.Build.0 = Debug|Any CPU
		{7640BA7D-19A3-4906-9D44-95B10BD8ADB3}.Release|Any CPU.ActiveCfg = Release|Any CPU
		{7640BA7D-19A3-4906-9D44-95B10BD8ADB3}.Release|Any CPU.Build.0 = Release|Any CPU
	EndGlobalSection
	GlobalSection(SolutionProperties) = preSolution
		HideSolutionNode = FALSE
	EndGlobalSection
	GlobalSection(NestedProjects) = preSolution
		{84DEE29A-98A6-4669-A87B-D0F3E57BC136} = {02EA681E-C7D8-13C7-8484-4AC65E1B71E8}
		{B556EEE6-EBBC-482B-1142-8FA80384D37D} = {D93EE689-C6E8-4891-82BF-B05398BA800C}
		{02EA681E-C7D8-13C7-8484-4AC65E1B71E8} = {D93EE689-C6E8-4891-82BF-B05398BA800C}
		{530F1A35-FD28-4ED5-93B4-5660561EE659} = {58D71EAA-D5E1-44E0-B226-9F502B13C815}
		{83D6814B-2DC7-4D02-AF30-C6E1A33ABA80} = {58D71EAA-D5E1-44E0-B226-9F502B13C815}
		{58D71EAA-D5E1-44E0-B226-9F502B13C815} = {FDCE990B-AD1B-409E-B659-D98581FFB414}
		{7640BA7D-19A3-4906-9D44-95B10BD8ADB3} = {58D71EAA-D5E1-44E0-B226-9F502B13C815}
	EndGlobalSection
	GlobalSection(ExtensibilityGlobals) = postSolution
		SolutionGuid = {AF651C63-2FC4-4341-BBF1-E6317514EF87}
	EndGlobalSection
EndGlobal
